{
  "name": "05-prj-intel-event-check-in",
  "lockfileVersion": 3,
  "requires": true,
  "packages": {
    "": {
      "dependencies": {
        "animejs": "^4.1.4"
      }
    },
    "node_modules/animejs": {
      "version": "4.1.4",
      "resolved": "https://registry.npmjs.org/animejs/-/animejs-4.1.4.tgz",
      "integrity": "sha512-BdnlkOx959ehvD56Gog6qafRIn6U1gOS5ZNNGK/QHbCv3Ha09IDarplQJbujavki0uT4moeP5RagtoPplhvPAQ=="
    }
  }
}
